
Microsoft Visual Studio Solution File, Format Version 12.00
# Visual Studio Version 17
VisualStudioVersion = 17.0.31903.59
MinimumVisualStudioVersion = 10.0.40219.1
Project("{2150E333-8FDC-42A3-9474-1A3956D46DE8}") = "src", "src", "{827E0CD3-B72D-47B6-A68D-7590B98EB39B}"
EndProject
Project("{FAE04EC0-301F-11D3-BF4B-00C04F79EFBC}") = "IGenServer.API", "src\IGenServer.API\IGenServer.API.csproj", "{0D009839-4C9C-42B8-890E-147BBE71F3DD}"
EndProject
Project("{FAE04EC0-301F-11D3-BF4B-00C04F79EFBC}") = "IGenServer.Application", "src\IGenServer.Application\IGenServer.Application.csproj", "{BCEAB522-A502-47CA-B8A3-CE007C02B394}"
EndProject
Project("{FAE04EC0-301F-11D3-BF4B-00C04F79EFBC}") = "IGenServer.Domain", "src\IGenServer.Domain\IGenServer.Domain.csproj", "{0A171EBA-901A-46A6-9860-96B568AFF5CE}"
EndProject
Project("{FAE04EC0-301F-11D3-BF4B-00C04F79EFBC}") = "IGenServer.Infrastructure", "src\IGenServer.Infrastructure\IGenServer.Infrastructure.csproj", "{CB52F6F3-10D5-403B-A913-1651D660AAAD}"
EndProject
Project("{FAE04EC0-301F-11D3-BF4B-00C04F79EFBC}") = "IGenServer.Persistence", "src\IGenServer.Persistence\IGenServer.Persistence.csproj", "{9D0766A2-89DA-40D3-8ED2-3B1BD304D1D6}"
EndProject
Project("{FAE04EC0-301F-11D3-BF4B-00C04F79EFBC}") = "IGenServer.DbSync", "src\IGenServer.DbSync\IGenServer.DbSync.csproj", "{6F9724B4-3CEF-486E-AED1-D7B15CF179A6}"
EndProject
Global
	GlobalSection(SolutionConfigurationPlatforms) = preSolution
		Debug|Any CPU = Debug|Any CPU
		Debug|x64 = Debug|x64
		Debug|x86 = Debug|x86
		Release|Any CPU = Release|Any CPU
		Release|x64 = Release|x64
		Release|x86 = Release|x86
	EndGlobalSection
	GlobalSection(ProjectConfigurationPlatforms) = postSolution
		{0D009839-4C9C-42B8-890E-147BBE71F3DD}.Debug|Any CPU.ActiveCfg = Debug|Any CPU
		{0D009839-4C9C-42B8-890E-147BBE71F3DD}.Debug|Any CPU.Build.0 = Debug|Any CPU
		{0D009839-4C9C-42B8-890E-147BBE71F3DD}.Debug|x64.ActiveCfg = Debug|Any CPU
		{0D009839-4C9C-42B8-890E-147BBE71F3DD}.Debug|x64.Build.0 = Debug|Any CPU
		{0D009839-4C9C-42B8-890E-147BBE71F3DD}.Debug|x86.ActiveCfg = Debug|Any CPU
		{0D009839-4C9C-42B8-890E-147BBE71F3DD}.Debug|x86.Build.0 = Debug|Any CPU
		{0D009839-4C9C-42B8-890E-147BBE71F3DD}.Release|Any CPU.ActiveCfg = Release|Any CPU
		{0D009839-4C9C-42B8-890E-147BBE71F3DD}.Release|Any CPU.Build.0 = Release|Any CPU
		{0D009839-4C9C-42B8-890E-147BBE71F3DD}.Release|x64.ActiveCfg = Release|Any CPU
		{0D009839-4C9C-42B8-890E-147BBE71F3DD}.Release|x64.Build.0 = Release|Any CPU
		{0D009839-4C9C-42B8-890E-147BBE71F3DD}.Release|x86.ActiveCfg = Release|Any CPU
		{0D009839-4C9C-42B8-890E-147BBE71F3DD}.Release|x86.Build.0 = Release|Any CPU
		{BCEAB522-A502-47CA-B8A3-CE007C02B394}.Debug|Any CPU.ActiveCfg = Debug|Any CPU
		{BCEAB522-A502-47CA-B8A3-CE007C02B394}.Debug|Any CPU.Build.0 = Debug|Any CPU
		{BCEAB522-A502-47CA-B8A3-CE007C02B394}.Debug|x64.ActiveCfg = Debug|Any CPU
		{BCEAB522-A502-47CA-B8A3-CE007C02B394}.Debug|x64.Build.0 = Debug|Any CPU
		{BCEAB522-A502-47CA-B8A3-CE007C02B394}.Debug|x86.ActiveCfg = Debug|Any CPU
		{BCEAB522-A502-47CA-B8A3-CE007C02B394}.Debug|x86.Build.0 = Debug|Any CPU
		{BCEAB522-A502-47CA-B8A3-CE007C02B394}.Release|Any CPU.ActiveCfg = Release|Any CPU
		{BCEAB522-A502-47CA-B8A3-CE007C02B394}.Release|Any CPU.Build.0 = Release|Any CPU
		{BCEAB522-A502-47CA-B8A3-CE007C02B394}.Release|x64.ActiveCfg = Release|Any CPU
		{BCEAB522-A502-47CA-B8A3-CE007C02B394}.Release|x64.Build.0 = Release|Any CPU
		{BCEAB522-A502-47CA-B8A3-CE007C02B394}.Release|x86.ActiveCfg = Release|Any CPU
		{BCEAB522-A502-47CA-B8A3-CE007C02B394}.Release|x86.Build.0 = Release|Any CPU
		{0A171EBA-901A-46A6-9860-96B568AFF5CE}.Debug|Any CPU.ActiveCfg = Debug|Any CPU
		{0A171EBA-901A-46A6-9860-96B568AFF5CE}.Debug|Any CPU.Build.0 = Debug|Any CPU
		{0A171EBA-901A-46A6-9860-96B568AFF5CE}.Debug|x64.ActiveCfg = Debug|Any CPU
		{0A171EBA-901A-46A6-9860-96B568AFF5CE}.Debug|x64.Build.0 = Debug|Any CPU
		{0A171EBA-901A-46A6-9860-96B568AFF5CE}.Debug|x86.ActiveCfg = Debug|Any CPU
		{0A171EBA-901A-46A6-9860-96B568AFF5CE}.Debug|x86.Build.0 = Debug|Any CPU
		{0A171EBA-901A-46A6-9860-96B568AFF5CE}.Release|Any CPU.ActiveCfg = Release|Any CPU
		{0A171EBA-901A-46A6-9860-96B568AFF5CE}.Release|Any CPU.Build.0 = Release|Any CPU
		{0A171EBA-901A-46A6-9860-96B568AFF5CE}.Release|x64.ActiveCfg = Release|Any CPU
		{0A171EBA-901A-46A6-9860-96B568AFF5CE}.Release|x64.Build.0 = Release|Any CPU
		{0A171EBA-901A-46A6-9860-96B568AFF5CE}.Release|x86.ActiveCfg = Release|Any CPU
		{0A171EBA-901A-46A6-9860-96B568AFF5CE}.Release|x86.Build.0 = Release|Any CPU
		{CB52F6F3-10D5-403B-A913-1651D660AAAD}.Debug|Any CPU.ActiveCfg = Debug|Any CPU
		{CB52F6F3-10D5-403B-A913-1651D660AAAD}.Debug|Any CPU.Build.0 = Debug|Any CPU
		{CB52F6F3-10D5-403B-A913-1651D660AAAD}.Debug|x64.ActiveCfg = Debug|Any CPU
		{CB52F6F3-10D5-403B-A913-1651D660AAAD}.Debug|x64.Build.0 = Debug|Any CPU
		{CB52F6F3-10D5-403B-A913-1651D660AAAD}.Debug|x86.ActiveCfg = Debug|Any CPU
		{CB52F6F3-10D5-403B-A913-1651D660AAAD}.Debug|x86.Build.0 = Debug|Any CPU
		{CB52F6F3-10D5-403B-A913-1651D660AAAD}.Release|Any CPU.ActiveCfg = Release|Any CPU
		{CB52F6F3-10D5-403B-A913-1651D660AAAD}.Release|Any CPU.Build.0 = Release|Any CPU
		{CB52F6F3-10D5-403B-A913-1651D660AAAD}.Release|x64.ActiveCfg = Release|Any CPU
		{CB52F6F3-10D5-403B-A913-1651D660AAAD}.Release|x64.Build.0 = Release|Any CPU
		{CB52F6F3-10D5-403B-A913-1651D660AAAD}.Release|x86.ActiveCfg = Release|Any CPU
		{CB52F6F3-10D5-403B-A913-1651D660AAAD}.Release|x86.Build.0 = Release|Any CPU
		{9D0766A2-89DA-40D3-8ED2-3B1BD304D1D6}.Debug|Any CPU.ActiveCfg = Debug|Any CPU
		{9D0766A2-89DA-40D3-8ED2-3B1BD304D1D6}.Debug|Any CPU.Build.0 = Debug|Any CPU
		{9D0766A2-89DA-40D3-8ED2-3B1BD304D1D6}.Debug|x64.ActiveCfg = Debug|Any CPU
		{9D0766A2-89DA-40D3-8ED2-3B1BD304D1D6}.Debug|x64.Build.0 = Debug|Any CPU
		{9D0766A2-89DA-40D3-8ED2-3B1BD304D1D6}.Debug|x86.ActiveCfg = Debug|Any CPU
		{9D0766A2-89DA-40D3-8ED2-3B1BD304D1D6}.Debug|x86.Build.0 = Debug|Any CPU
		{9D0766A2-89DA-40D3-8ED2-3B1BD304D1D6}.Release|Any CPU.ActiveCfg = Release|Any CPU
		{9D0766A2-89DA-40D3-8ED2-3B1BD304D1D6}.Release|Any CPU.Build.0 = Release|Any CPU
		{9D0766A2-89DA-40D3-8ED2-3B1BD304D1D6}.Release|x64.ActiveCfg = Release|Any CPU
		{9D0766A2-89DA-40D3-8ED2-3B1BD304D1D6}.Release|x64.Build.0 = Release|Any CPU
		{9D0766A2-89DA-40D3-8ED2-3B1BD304D1D6}.Release|x86.ActiveCfg = Release|Any CPU
		{9D0766A2-89DA-40D3-8ED2-3B1BD304D1D6}.Release|x86.Build.0 = Release|Any CPU
		{6F9724B4-3CEF-486E-AED1-D7B15CF179A6}.Debug|Any CPU.ActiveCfg = Debug|Any CPU
		{6F9724B4-3CEF-486E-AED1-D7B15CF179A6}.Debug|Any CPU.Build.0 = Debug|Any CPU
		{6F9724B4-3CEF-486E-AED1-D7B15CF179A6}.Debug|x64.ActiveCfg = Debug|Any CPU
		{6F9724B4-3CEF-486E-AED1-D7B15CF179A6}.Debug|x64.Build.0 = Debug|Any CPU
		{6F9724B4-3CEF-486E-AED1-D7B15CF179A6}.Debug|x86.ActiveCfg = Debug|Any CPU
		{6F9724B4-3CEF-486E-AED1-D7B15CF179A6}.Debug|x86.Build.0 = Debug|Any CPU
		{6F9724B4-3CEF-486E-AED1-D7B15CF179A6}.Release|Any CPU.ActiveCfg = Release|Any CPU
		{6F9724B4-3CEF-486E-AED1-D7B15CF179A6}.Release|Any CPU.Build.0 = Release|Any CPU
		{6F9724B4-3CEF-486E-AED1-D7B15CF179A6}.Release|x64.ActiveCfg = Release|Any CPU
		{6F9724B4-3CEF-486E-AED1-D7B15CF179A6}.Release|x64.Build.0 = Release|Any CPU
		{6F9724B4-3CEF-486E-AED1-D7B15CF179A6}.Release|x86.ActiveCfg = Release|Any CPU
		{6F9724B4-3CEF-486E-AED1-D7B15CF179A6}.Release|x86.Build.0 = Release|Any CPU
	EndGlobalSection
	GlobalSection(SolutionProperties) = preSolution
		HideSolutionNode = FALSE
	EndGlobalSection
	GlobalSection(NestedProjects) = preSolution
		{0D009839-4C9C-42B8-890E-147BBE71F3DD} = {827E0CD3-B72D-47B6-A68D-7590B98EB39B}
		{BCEAB522-A502-47CA-B8A3-CE007C02B394} = {827E0CD3-B72D-47B6-A68D-7590B98EB39B}
		{0A171EBA-901A-46A6-9860-96B568AFF5CE} = {827E0CD3-B72D-47B6-A68D-7590B98EB39B}
		{CB52F6F3-10D5-403B-A913-1651D660AAAD} = {827E0CD3-B72D-47B6-A68D-7590B98EB39B}
		{9D0766A2-89DA-40D3-8ED2-3B1BD304D1D6} = {827E0CD3-B72D-47B6-A68D-7590B98EB39B}
		{6F9724B4-3CEF-486E-AED1-D7B15CF179A6} = {827E0CD3-B72D-47B6-A68D-7590B98EB39B}
	EndGlobalSection
EndGlobal
